{
  "name": "webanvil-spa-example",
  "lockfileVersion": 3,
  "requires": true,
  "packages": {
    "": {
      "name": "webanvil-spa-example",
      "devDependencies": {
        "webanvil": "file:../.."
      }
    },
    "../..": {
      "version": "1.0.0",
      "dev": true,
      "license": "ISC",
      "dependencies": {
        "cmdore": "^0.4.1",
        "vite-plus": "^0.2.5"
      },
      "bin": {
        "webanvil": "bin/webanvil"
      },
      "devDependencies": {
        "@types/node": "^25.0.3",
        "typescript": "^5.9.3"
      }
    },
    "node_modules/webanvil": {
      "resolved": "../..",
      "link": true
    }
  }
}
